
Microsoft Visual Studio Solution File, Format Version 12.00
# Visual Studio Version 16
VisualStudioVersion = 16.0.31911.196
MinimumVisualStudioVersion = 10.0.40219.1
Project("{8BC9CEB8-8B4A-11D0-8D11-00A0C91BC942}") = "Robbo", "Robbo\Robbo.vcxproj", "{3A64F37A-08ED-4F29-9EFD-D765B3A1D29C}"
EndProject
Global
	GlobalSection(SolutionConfigurationPlatforms) = preSolution
		Debug|GB = Debug|GB
		Debug|GG = Debug|GG
		Debug|SMS = Debug|SMS
		Release|GB = Release|GB
		Release|GG = Release|GG
		Release|SMS = Release|SMS
	EndGlobalSection
	GlobalSection(ProjectConfigurationPlatforms) = postSolution
		{3A64F37A-08ED-4F29-9EFD-D765B3A1D29C}.Debug|GB.ActiveCfg = Debug|Win32
		{3A64F37A-08ED-4F29-9EFD-D765B3A1D29C}.Debug|GB.Build.0 = Debug|Win32
		{3A64F37A-08ED-4F29-9EFD-D765B3A1D29C}.Debug|GG.ActiveCfg = Debug|x64
		{3A64F37A-08ED-4F29-9EFD-D765B3A1D29C}.Debug|GG.Build.0 = Debug|x64
		{3A64F37A-08ED-4F29-9EFD-D765B3A1D29C}.Debug|SMS.ActiveCfg = Debug|ARM
		{3A64F37A-08ED-4F29-9EFD-D765B3A1D29C}.Debug|SMS.Build.0 = Debug|ARM
		{3A64F37A-08ED-4F29-9EFD-D765B3A1D29C}.Release|GB.ActiveCfg = Release|Win32
		{3A64F37A-08ED-4F29-9EFD-D765B3A1D29C}.Release|GB.Build.0 = Release|Win32
		{3A64F37A-08ED-4F29-9EFD-D765B3A1D29C}.Release|GG.ActiveCfg = Release|x64
		{3A64F37A-08ED-4F29-9EFD-D765B3A1D29C}.Release|GG.Build.0 = Release|x64
		{3A64F37A-08ED-4F29-9EFD-D765B3A1D29C}.Release|SMS.ActiveCfg = Release|ARM
		{3A64F37A-08ED-4F29-9EFD-D765B3A1D29C}.Release|SMS.Build.0 = Release|ARM
	EndGlobalSection
	GlobalSection(SolutionProperties) = preSolution
		HideSolutionNode = FALSE
	EndGlobalSection
	GlobalSection(ExtensibilityGlobals) = postSolution
		SolutionGuid = {837558F3-AECC-4BB2-8387-F22CFAD5E9DE}
	EndGlobalSection
EndGlobal
